
Microsoft Visual Studio Solution File, Format Version 12.00
# Visual Studio Version 17
VisualStudioVersion = 17.14.37314.3 d17.14
MinimumVisualStudioVersion = 10.0.40219.1
Project("{FAE04EC0-301F-11D3-BF4B-00C04F79EFBC}") = "kitaiskayaSESSIA", "kitaiskayaSESSIA\kitaiskayaSESSIA.csproj", "{CC3C89C2-7A3C-4232-A148-CE6F1B01D431}"
EndProject
Global
	GlobalSection(SolutionConfigurationPlatforms) = preSolution
		Debug|Any CPU = Debug|Any CPU
		Release|Any CPU = Release|Any CPU
	EndGlobalSection
	GlobalSection(ProjectConfigurationPlatforms) = postSolution
		{CC3C89C2-7A3C-4232-A148-CE6F1B01D431}.Debug|Any CPU.ActiveCfg = Debug|Any CPU
		{CC3C89C2-7A3C-4232-A148-CE6F1B01D431}.Debug|Any CPU.Build.0 = Debug|Any CPU
		{CC3C89C2-7A3C-4232-A148-CE6F1B01D431}.Release|Any CPU.ActiveCfg = Release|Any CPU
		{CC3C89C2-7A3C-4232-A148-CE6F1B01D431}.Release|Any CPU.Build.0 = Release|Any CPU
	EndGlobalSection
	GlobalSection(SolutionProperties) = preSolution
		HideSolutionNode = FALSE
	EndGlobalSection
	GlobalSection(ExtensibilityGlobals) = postSolution
		SolutionGuid = {DB1F088F-222B-43EF-8988-7005DFED3D70}
	EndGlobalSection
EndGlobal
