
Microsoft Visual Studio Solution File, Format Version 12.00
# Visual Studio Version 16
VisualStudioVersion = 16.0.35229.62
MinimumVisualStudioVersion = 10.0.40219.1
Project("{FAE04EC0-301F-11D3-BF4B-00C04F79EFBC}") = "kitaiskayaSESSIA", "kitaiskayaSESSIA\kitaiskayaSESSIA.csproj", "{A3EBDCAF-9A9D-450B-9FF3-CFA6F102D18F}"
EndProject
Global
	GlobalSection(SolutionConfigurationPlatforms) = preSolution
		Debug|Any CPU = Debug|Any CPU
		Release|Any CPU = Release|Any CPU
	EndGlobalSection
	GlobalSection(ProjectConfigurationPlatforms) = postSolution
		{A3EBDCAF-9A9D-450B-9FF3-CFA6F102D18F}.Debug|Any CPU.ActiveCfg = Debug|Any CPU
		{A3EBDCAF-9A9D-450B-9FF3-CFA6F102D18F}.Debug|Any CPU.Build.0 = Debug|Any CPU
		{A3EBDCAF-9A9D-450B-9FF3-CFA6F102D18F}.Release|Any CPU.ActiveCfg = Release|Any CPU
		{A3EBDCAF-9A9D-450B-9FF3-CFA6F102D18F}.Release|Any CPU.Build.0 = Release|Any CPU
	EndGlobalSection
	GlobalSection(SolutionProperties) = preSolution
		HideSolutionNode = FALSE
	EndGlobalSection
	GlobalSection(ExtensibilityGlobals) = postSolution
		SolutionGuid = {73EF0138-184C-4DA3-81A3-FFC847040456}
	EndGlobalSection
EndGlobal
